
Microsoft Visual Studio Solution File, Format Version 12.00
# Visual Studio Version 17
VisualStudioVersion = 17.11.35327.3
MinimumVisualStudioVersion = 10.0.40219.1
Project("{FAE04EC0-301F-11D3-BF4B-00C04F79EFBC}") = "yazilim251002", "yazilim251002.csproj", "{9F16C478-600A-424C-ADC2-620420BF87BF}"
EndProject
Global
	GlobalSection(SolutionConfigurationPlatforms) = preSolution
		Debug|Any CPU = Debug|Any CPU
		Release|Any CPU = Release|Any CPU
	EndGlobalSection
	GlobalSection(ProjectConfigurationPlatforms) = postSolution
		{9F16C478-600A-424C-ADC2-620420BF87BF}.Debug|Any CPU.ActiveCfg = Debug|Any CPU
		{9F16C478-600A-424C-ADC2-620420BF87BF}.Debug|Any CPU.Build.0 = Debug|Any CPU
		{9F16C478-600A-424C-ADC2-620420BF87BF}.Release|Any CPU.ActiveCfg = Release|Any CPU
		{9F16C478-600A-424C-ADC2-620420BF87BF}.Release|Any CPU.Build.0 = Release|Any CPU
	EndGlobalSection
	GlobalSection(SolutionProperties) = preSolution
		HideSolutionNode = FALSE
	EndGlobalSection
	GlobalSection(ExtensibilityGlobals) = postSolution
		SolutionGuid = {ECFE4F60-6854-4E43-ACE6-68E776A7E1D1}
	EndGlobalSection
EndGlobal
